
Microsoft Visual Studio Solution File, Format Version 12.00
# Visual Studio 14
VisualStudioVersion = 14.0.25123.0
MinimumVisualStudioVersion = 10.0.40219.1
Project("{FAE04EC0-301F-11D3-BF4B-00C04F79EFBC}") = "PickemPoolApp", "PickemPoolApp\PickemPoolApp.csproj", "{191B15DC-94CE-46CF-B37A-7FB04BB13828}"
EndProject
Global
	GlobalSection(SolutionConfigurationPlatforms) = preSolution
		Debug|Any CPU = Debug|Any CPU
		Release|Any CPU = Release|Any CPU
	EndGlobalSection
	GlobalSection(ProjectConfigurationPlatforms) = postSolution
		{191B15DC-94CE-46CF-B37A-7FB04BB13828}.Debug|Any CPU.ActiveCfg = Debug|Any CPU
		{191B15DC-94CE-46CF-B37A-7FB04BB13828}.Debug|Any CPU.Build.0 = Debug|Any CPU
		{191B15DC-94CE-46CF-B37A-7FB04BB13828}.Release|Any CPU.ActiveCfg = Release|Any CPU
		{191B15DC-94CE-46CF-B37A-7FB04BB13828}.Release|Any CPU.Build.0 = Release|Any CPU
	EndGlobalSection
	GlobalSection(SolutionProperties) = preSolution
		HideSolutionNode = FALSE
	EndGlobalSection
EndGlobal
